# Source-prepared lockfile for three local packages; Cargo validation is pending.
version = 4

[[package]]
name = "ibs-fixture-app"
version = "0.0.0"
dependencies = [
 "ibs-fixture-helper",
 "ibs-fixture-macros",
]

[[package]]
name = "ibs-fixture-helper"
version = "0.0.0"

[[package]]
name = "ibs-fixture-macros"
version = "0.0.0"
dependencies = [
 "ibs-fixture-helper",
]
