# This local-only fixture has no registry dependencies.
version = 4

[[package]]
name = "profile-host-fixture"
version = "0.1.0"
dependencies = ["profile-shared-fixture"]

[[package]]
name = "profile-shared-fixture"
version = "0.1.0"

[[package]]
name = "profile-target-fixture"
version = "0.1.0"
dependencies = ["profile-host-fixture", "profile-shared-fixture"]

